
Microsoft Visual Studio Solution File, Format Version 12.00
# Visual Studio Version 17
VisualStudioVersion = 17.9.34407.89
MinimumVisualStudioVersion = 10.0.40219.1
Project("{9A19103F-16F7-4668-BE54-9A1E7A4F7556}") = "BlazorWasmStandAlonePwa", "BlazorWasmStandAlonePwa\BlazorWasmStandAlonePwa.csproj", "{18B878A6-5374-46E4-A710-8A225089AA2F}"
EndProject
Project("{9A19103F-16F7-4668-BE54-9A1E7A4F7556}") = "ApiSource", "ApiSource\ApiSource.csproj", "{5508EBCB-1720-4289-9A1A-B3E8C7BB4F32}"
EndProject
Project("{2150E333-8FDC-42A3-9474-1A3956D46DE8}") = "Solution Items", "Solution Items", "{E70BD45F-1BCE-4804-B044-0AEA81D3B2E8}"
	ProjectSection(SolutionItems) = preProject
		Readme Steps.txt = Readme Steps.txt
	EndProjectSection
EndProject
Project("{9A19103F-16F7-4668-BE54-9A1E7A4F7556}") = "AzureFunction", "AzureFunction\AzureFunction.csproj", "{BFDDB899-57AA-4361-8502-1846273CDF29}"
EndProject
Project("{FAE04EC0-301F-11D3-BF4B-00C04F79EFBC}") = "CosmosDb", "CosmosDb\CosmosDb.csproj", "{ACD96951-30AA-4F5F-84A4-F69020811216}"
EndProject
Global
	GlobalSection(SolutionConfigurationPlatforms) = preSolution
		Debug|Any CPU = Debug|Any CPU
		Release|Any CPU = Release|Any CPU
	EndGlobalSection
	GlobalSection(ProjectConfigurationPlatforms) = postSolution
		{18B878A6-5374-46E4-A710-8A225089AA2F}.Debug|Any CPU.ActiveCfg = Debug|Any CPU
		{18B878A6-5374-46E4-A710-8A225089AA2F}.Debug|Any CPU.Build.0 = Debug|Any CPU
		{18B878A6-5374-46E4-A710-8A225089AA2F}.Release|Any CPU.ActiveCfg = Release|Any CPU
		{18B878A6-5374-46E4-A710-8A225089AA2F}.Release|Any CPU.Build.0 = Release|Any CPU
		{5508EBCB-1720-4289-9A1A-B3E8C7BB4F32}.Debug|Any CPU.ActiveCfg = Debug|Any CPU
		{5508EBCB-1720-4289-9A1A-B3E8C7BB4F32}.Debug|Any CPU.Build.0 = Debug|Any CPU
		{5508EBCB-1720-4289-9A1A-B3E8C7BB4F32}.Release|Any CPU.ActiveCfg = Release|Any CPU
		{5508EBCB-1720-4289-9A1A-B3E8C7BB4F32}.Release|Any CPU.Build.0 = Release|Any CPU
		{BFDDB899-57AA-4361-8502-1846273CDF29}.Debug|Any CPU.ActiveCfg = Debug|Any CPU
		{BFDDB899-57AA-4361-8502-1846273CDF29}.Debug|Any CPU.Build.0 = Debug|Any CPU
		{BFDDB899-57AA-4361-8502-1846273CDF29}.Release|Any CPU.ActiveCfg = Release|Any CPU
		{BFDDB899-57AA-4361-8502-1846273CDF29}.Release|Any CPU.Build.0 = Release|Any CPU
		{ACD96951-30AA-4F5F-84A4-F69020811216}.Debug|Any CPU.ActiveCfg = Debug|Any CPU
		{ACD96951-30AA-4F5F-84A4-F69020811216}.Debug|Any CPU.Build.0 = Debug|Any CPU
		{ACD96951-30AA-4F5F-84A4-F69020811216}.Release|Any CPU.ActiveCfg = Release|Any CPU
		{ACD96951-30AA-4F5F-84A4-F69020811216}.Release|Any CPU.Build.0 = Release|Any CPU
	EndGlobalSection
	GlobalSection(SolutionProperties) = preSolution
		HideSolutionNode = FALSE
	EndGlobalSection
	GlobalSection(ExtensibilityGlobals) = postSolution
		SolutionGuid = {D65D1E97-99AA-4C71-BAD7-A4FB04E7BD5F}
	EndGlobalSection
EndGlobal
